# This file is automatically @generated by Cargo.
# It is not intended for manual editing.
version = 3

[[package]]
name = "tpt-archon-bridge"
version = "0.1.0"
dependencies = [
 "tpt-archon-core",
]

[[package]]
name = "tpt-archon-core"
version = "0.1.0"

[[package]]
name = "tpt-archon-kernel"
version = "0.1.0"
dependencies = [
 "tpt-archon-bridge",
 "tpt-archon-core",
]

[[package]]
name = "tpt-archon-relational"
version = "0.1.0"
dependencies = [
 "tpt-archon-bridge",
 "tpt-archon-core",
 "tpt-archon-kernel",
 "tpt-gpu-ir-spec",
]

[[package]]
name = "tpt-gpu-ir-spec"
version = "0.1.0"
source = "git+https://github.com/tpt-solutions/tpt-gpu.git?rev=cb33993#cb33993e6a2c69d3c4f34a47230596a2614890e3"
